
Microsoft Visual Studio Solution File, Format Version 12.00
# Visual Studio Version 16
VisualStudioVersion = 16.0.30413.136
MinimumVisualStudioVersion = 10.0.40219.1
Project("{FAE04EC0-301F-11D3-BF4B-00C04F79EFBC}") = "WPF01_1_t01", "WPF01_1_t01.csproj", "{263ADA49-BC68-4943-8775-FDAC06F79FFE}"
EndProject
Global
	GlobalSection(SolutionConfigurationPlatforms) = preSolution
		Debug|Any CPU = Debug|Any CPU
		Release|Any CPU = Release|Any CPU
	EndGlobalSection
	GlobalSection(ProjectConfigurationPlatforms) = postSolution
		{263ADA49-BC68-4943-8775-FDAC06F79FFE}.Debug|Any CPU.ActiveCfg = Debug|Any CPU
		{263ADA49-BC68-4943-8775-FDAC06F79FFE}.Debug|Any CPU.Build.0 = Debug|Any CPU
		{263ADA49-BC68-4943-8775-FDAC06F79FFE}.Release|Any CPU.ActiveCfg = Release|Any CPU
		{263ADA49-BC68-4943-8775-FDAC06F79FFE}.Release|Any CPU.Build.0 = Release|Any CPU
	EndGlobalSection
	GlobalSection(SolutionProperties) = preSolution
		HideSolutionNode = FALSE
	EndGlobalSection
	GlobalSection(ExtensibilityGlobals) = postSolution
		SolutionGuid = {3477998B-F962-41DA-A0EF-AD973385EF38}
	EndGlobalSection
EndGlobal
